
Microsoft Visual Studio Solution File, Format Version 12.00
# Visual Studio Version 16
VisualStudioVersion = 16.0.31205.134
MinimumVisualStudioVersion = 10.0.40219.1
Project("{FAE04EC0-301F-11D3-BF4B-00C04F79EFBC}") = "API", "API\API.csproj", "{32DB8F20-B846-4DAE-BF34-909DA39245A8}"
EndProject
Project("{FAE04EC0-301F-11D3-BF4B-00C04F79EFBC}") = "Core", "Core\Core.csproj", "{2E331A3F-74F9-43AC-A806-3498CD6F7E1C}"
EndProject
Project("{FAE04EC0-301F-11D3-BF4B-00C04F79EFBC}") = "Services", "Services\Services.csproj", "{B3D4BD6B-CFA9-4F77-B453-2AE557B375BB}"
EndProject
Project("{FAE04EC0-301F-11D3-BF4B-00C04F79EFBC}") = "Data", "Data\Data.csproj", "{92788482-5A4F-4755-AF36-A4ABDF70E06E}"
EndProject
Global
	GlobalSection(SolutionConfigurationPlatforms) = preSolution
		Debug|Any CPU = Debug|Any CPU
		Release|Any CPU = Release|Any CPU
	EndGlobalSection
	GlobalSection(ProjectConfigurationPlatforms) = postSolution
		{32DB8F20-B846-4DAE-BF34-909DA39245A8}.Debug|Any CPU.ActiveCfg = Debug|Any CPU
		{32DB8F20-B846-4DAE-BF34-909DA39245A8}.Debug|Any CPU.Build.0 = Debug|Any CPU
		{32DB8F20-B846-4DAE-BF34-909DA39245A8}.Release|Any CPU.ActiveCfg = Release|Any CPU
		{32DB8F20-B846-4DAE-BF34-909DA39245A8}.Release|Any CPU.Build.0 = Release|Any CPU
		{2E331A3F-74F9-43AC-A806-3498CD6F7E1C}.Debug|Any CPU.ActiveCfg = Debug|Any CPU
		{2E331A3F-74F9-43AC-A806-3498CD6F7E1C}.Debug|Any CPU.Build.0 = Debug|Any CPU
		{2E331A3F-74F9-43AC-A806-3498CD6F7E1C}.Release|Any CPU.ActiveCfg = Release|Any CPU
		{2E331A3F-74F9-43AC-A806-3498CD6F7E1C}.Release|Any CPU.Build.0 = Release|Any CPU
		{B3D4BD6B-CFA9-4F77-B453-2AE557B375BB}.Debug|Any CPU.ActiveCfg = Debug|Any CPU
		{B3D4BD6B-CFA9-4F77-B453-2AE557B375BB}.Debug|Any CPU.Build.0 = Debug|Any CPU
		{B3D4BD6B-CFA9-4F77-B453-2AE557B375BB}.Release|Any CPU.ActiveCfg = Release|Any CPU
		{B3D4BD6B-CFA9-4F77-B453-2AE557B375BB}.Release|Any CPU.Build.0 = Release|Any CPU
		{92788482-5A4F-4755-AF36-A4ABDF70E06E}.Debug|Any CPU.ActiveCfg = Debug|Any CPU
		{92788482-5A4F-4755-AF36-A4ABDF70E06E}.Debug|Any CPU.Build.0 = Debug|Any CPU
		{92788482-5A4F-4755-AF36-A4ABDF70E06E}.Release|Any CPU.ActiveCfg = Release|Any CPU
		{92788482-5A4F-4755-AF36-A4ABDF70E06E}.Release|Any CPU.Build.0 = Release|Any CPU
	EndGlobalSection
	GlobalSection(SolutionProperties) = preSolution
		HideSolutionNode = FALSE
	EndGlobalSection
	GlobalSection(ExtensibilityGlobals) = postSolution
		SolutionGuid = {933F4139-4A2E-49CF-9CBD-FC73A1C11C89}
	EndGlobalSection
EndGlobal
